
Microsoft Visual Studio Solution File, Format Version 12.00
# Visual Studio 2012
Project("{FAE04EC0-301F-11D3-BF4B-00C04F79EFBC}") = "Ardent.Payments", "Ardent.Payments.csproj", "{79270453-053D-40B9-8516-07A3CBC38371}"
EndProject
Project("{FAE04EC0-301F-11D3-BF4B-00C04F79EFBC}") = "Ardent.Payments.Tests", "..\Ardent.Payments.Tests\Ardent.Payments.Tests.csproj", "{2C7FA591-6A7E-4CD3-91AB-2537CCCAF869}"
EndProject
Project("{2150E333-8FDC-42A3-9474-1A3956D46DE8}") = ".nuget", ".nuget", "{8ADA580D-1131-4469-B2E4-E30D114E4991}"
	ProjectSection(SolutionItems) = preProject
		.nuget\NuGet.Config = .nuget\NuGet.Config
		.nuget\NuGet.exe = .nuget\NuGet.exe
		.nuget\NuGet.targets = .nuget\NuGet.targets
	EndProjectSection
EndProject
Global
	GlobalSection(SolutionConfigurationPlatforms) = preSolution
		Debug|Any CPU = Debug|Any CPU
		Release|Any CPU = Release|Any CPU
	EndGlobalSection
	GlobalSection(ProjectConfigurationPlatforms) = postSolution
		{79270453-053D-40B9-8516-07A3CBC38371}.Debug|Any CPU.ActiveCfg = Debug|Any CPU
		{79270453-053D-40B9-8516-07A3CBC38371}.Debug|Any CPU.Build.0 = Debug|Any CPU
		{79270453-053D-40B9-8516-07A3CBC38371}.Release|Any CPU.ActiveCfg = Release|Any CPU
		{79270453-053D-40B9-8516-07A3CBC38371}.Release|Any CPU.Build.0 = Release|Any CPU
		{2C7FA591-6A7E-4CD3-91AB-2537CCCAF869}.Debug|Any CPU.ActiveCfg = Debug|Any CPU
		{2C7FA591-6A7E-4CD3-91AB-2537CCCAF869}.Debug|Any CPU.Build.0 = Debug|Any CPU
		{2C7FA591-6A7E-4CD3-91AB-2537CCCAF869}.Release|Any CPU.ActiveCfg = Release|Any CPU
		{2C7FA591-6A7E-4CD3-91AB-2537CCCAF869}.Release|Any CPU.Build.0 = Release|Any CPU
	EndGlobalSection
	GlobalSection(SolutionProperties) = preSolution
		HideSolutionNode = FALSE
	EndGlobalSection
EndGlobal
